
Microsoft Visual Studio Solution File, Format Version 12.00
# Visual Studio Version 17
VisualStudioVersion = 17.6.33829.357
MinimumVisualStudioVersion = 10.0.40219.1
Project("{54A90642-561A-4BB1-A94E-469ADEE60C69}") = "reactapp", "reactapp\reactapp.esproj", "{A557419D-8BC0-486C-9433-3B77F37897B8}"
EndProject
Project("{9A19103F-16F7-4668-BE54-9A1E7A4F7556}") = "webapi", "webapi\webapi.csproj", "{B325192B-CA72-45D1-BFC6-0E49C1182DB6}"
EndProject
Global
	GlobalSection(SolutionConfigurationPlatforms) = preSolution
		Debug|Any CPU = Debug|Any CPU
		Release|Any CPU = Release|Any CPU
	EndGlobalSection
	GlobalSection(ProjectConfigurationPlatforms) = postSolution
		{A557419D-8BC0-486C-9433-3B77F37897B8}.Debug|Any CPU.ActiveCfg = Debug|Any CPU
		{A557419D-8BC0-486C-9433-3B77F37897B8}.Debug|Any CPU.Build.0 = Debug|Any CPU
		{A557419D-8BC0-486C-9433-3B77F37897B8}.Debug|Any CPU.Deploy.0 = Debug|Any CPU
		{A557419D-8BC0-486C-9433-3B77F37897B8}.Release|Any CPU.ActiveCfg = Release|Any CPU
		{A557419D-8BC0-486C-9433-3B77F37897B8}.Release|Any CPU.Build.0 = Release|Any CPU
		{A557419D-8BC0-486C-9433-3B77F37897B8}.Release|Any CPU.Deploy.0 = Release|Any CPU
		{B325192B-CA72-45D1-BFC6-0E49C1182DB6}.Debug|Any CPU.ActiveCfg = Debug|Any CPU
		{B325192B-CA72-45D1-BFC6-0E49C1182DB6}.Debug|Any CPU.Build.0 = Debug|Any CPU
		{B325192B-CA72-45D1-BFC6-0E49C1182DB6}.Release|Any CPU.ActiveCfg = Release|Any CPU
		{B325192B-CA72-45D1-BFC6-0E49C1182DB6}.Release|Any CPU.Build.0 = Release|Any CPU
	EndGlobalSection
	GlobalSection(SolutionProperties) = preSolution
		HideSolutionNode = FALSE
	EndGlobalSection
	GlobalSection(ExtensibilityGlobals) = postSolution
		SolutionGuid = {50EF175F-71D9-40BA-AFD6-65FC86B08079}
	EndGlobalSection
EndGlobal
